{
  "name": "sqldelight-androidx-driver",
  "version": "0.5.0-alpha.4-SNAPSHOT",
  "lockfileVersion": 3,
  "requires": true,
  "packages": {
    "": {
      "name": "sqldelight-androidx-driver",
      "version": "0.5.0-alpha.4-SNAPSHOT",
      "workspaces": [
        "packages/sqldelight-androidx-driver-coroutines-extensions",
        "packages/sqldelight-androidx-driver-coroutines-extensions-test",
        "packages/sqldelight-androidx-driver-integration",
        "packages/sqldelight-androidx-driver-integration-test",
        "packages/sqldelight-androidx-driver-library",
        "packages/sqldelight-androidx-driver-library-test",
        "packages/sqldelight-androidx-driver-opfs-driver",
        "packages/sqldelight-androidx-driver-opfs-driver-test"
      ],
      "devDependencies": {}
    },
    "node_modules/@sqlite.org/sqlite-wasm": {
      "version": "3.53.0-build1",
      "resolved": "https://registry.npmjs.org/@sqlite.org/sqlite-wasm/-/sqlite-wasm-3.53.0-build1.tgz",
      "integrity": "sha512-PfWPWN2n+/37doa8oh2/oUXk4OOsRYZsxc1W1sDXIGb/Pu5Yrb+f2eyYpgQMGITVX7HVgxhs9P18Rc6I97ym/g==",
      "license": "Apache-2.0",
      "workspaces": [
        "demos/*"
      ],
      "engines": {
        "node": ">=22"
      }
    },
    "node_modules/sqldelight-androidx-driver-coroutines-extensions": {
      "resolved": "packages/sqldelight-androidx-driver-coroutines-extensions",
      "link": true
    },
    "node_modules/sqldelight-androidx-driver-coroutines-extensions-test": {
      "resolved": "packages/sqldelight-androidx-driver-coroutines-extensions-test",
      "link": true
    },
    "node_modules/sqldelight-androidx-driver-integration": {
      "resolved": "packages/sqldelight-androidx-driver-integration",
      "link": true
    },
    "node_modules/sqldelight-androidx-driver-integration-test": {
      "resolved": "packages/sqldelight-androidx-driver-integration-test",
      "link": true
    },
    "node_modules/sqldelight-androidx-driver-library": {
      "resolved": "packages/sqldelight-androidx-driver-library",
      "link": true
    },
    "node_modules/sqldelight-androidx-driver-library-test": {
      "resolved": "packages/sqldelight-androidx-driver-library-test",
      "link": true
    },
    "node_modules/sqldelight-androidx-driver-opfs-driver": {
      "resolved": "packages/sqldelight-androidx-driver-opfs-driver",
      "link": true
    },
    "node_modules/sqldelight-androidx-driver-opfs-driver-test": {
      "resolved": "packages/sqldelight-androidx-driver-opfs-driver-test",
      "link": true
    },
    "packages/sqldelight-androidx-driver-coroutines-extensions": {
      "version": "0.5.0-alpha.4-SNAPSHOT",
      "devDependencies": {}
    },
    "packages/sqldelight-androidx-driver-coroutines-extensions-test": {
      "version": "0.5.0-alpha.4-SNAPSHOT",
      "dependencies": {
        "@sqlite.org/sqlite-wasm": "3.53.0-build1"
      },
      "devDependencies": {}
    },
    "packages/sqldelight-androidx-driver-integration": {
      "version": "0.5.0-alpha.4-SNAPSHOT",
      "devDependencies": {}
    },
    "packages/sqldelight-androidx-driver-integration-test": {
      "version": "0.5.0-alpha.4-SNAPSHOT",
      "dependencies": {
        "@sqlite.org/sqlite-wasm": "3.53.0-build1"
      },
      "devDependencies": {}
    },
    "packages/sqldelight-androidx-driver-library": {
      "version": "0.5.0-alpha.4-SNAPSHOT",
      "devDependencies": {}
    },
    "packages/sqldelight-androidx-driver-library-test": {
      "version": "0.5.0-alpha.4-SNAPSHOT",
      "dependencies": {
        "@sqlite.org/sqlite-wasm": "3.53.0-build1"
      },
      "devDependencies": {}
    },
    "packages/sqldelight-androidx-driver-opfs-driver": {
      "version": "0.5.0-alpha.4-SNAPSHOT",
      "dependencies": {
        "@sqlite.org/sqlite-wasm": "3.53.0-build1"
      },
      "devDependencies": {}
    },
    "packages/sqldelight-androidx-driver-opfs-driver-test": {
      "version": "0.5.0-alpha.4-SNAPSHOT",
      "dependencies": {
        "@sqlite.org/sqlite-wasm": "3.53.0-build1"
      },
      "devDependencies": {}
    }
  }
}
